
Microsoft Visual Studio Solution File, Format Version 12.00
# Visual Studio 15
VisualStudioVersion = 15.0.28010.2050
MinimumVisualStudioVersion = 10.0.40219.1
Project("{FAE04EC0-301F-11D3-BF4B-00C04F79EFBC}") = "programlamaya giriş proje", "programlamaya giriş proje\programlamaya giriş proje.csproj", "{1ECE1EF9-D6B9-4DFD-BD9A-888740D4FEE3}"
EndProject
Global
	GlobalSection(SolutionConfigurationPlatforms) = preSolution
		Debug|Any CPU = Debug|Any CPU
		Release|Any CPU = Release|Any CPU
	EndGlobalSection
	GlobalSection(ProjectConfigurationPlatforms) = postSolution
		{1ECE1EF9-D6B9-4DFD-BD9A-888740D4FEE3}.Debug|Any CPU.ActiveCfg = Debug|Any CPU
		{1ECE1EF9-D6B9-4DFD-BD9A-888740D4FEE3}.Debug|Any CPU.Build.0 = Debug|Any CPU
		{1ECE1EF9-D6B9-4DFD-BD9A-888740D4FEE3}.Release|Any CPU.ActiveCfg = Release|Any CPU
		{1ECE1EF9-D6B9-4DFD-BD9A-888740D4FEE3}.Release|Any CPU.Build.0 = Release|Any CPU
	EndGlobalSection
	GlobalSection(SolutionProperties) = preSolution
		HideSolutionNode = FALSE
	EndGlobalSection
	GlobalSection(ExtensibilityGlobals) = postSolution
		SolutionGuid = {C30C0A8D-4C11-4D56-B5FA-E4CBC5CAD562}
	EndGlobalSection
EndGlobal
